
Microsoft Visual Studio Solution File, Format Version 12.00
# Visual Studio Version 16
VisualStudioVersion = 16.0.29009.5
MinimumVisualStudioVersion = 10.0.40219.1
Project("{FAE04EC0-301F-11D3-BF4B-00C04F79EFBC}") = "KursusAdvanceCSharp", "KursusAdvanceCSharp\KursusAdvanceCSharp.csproj", "{1B66B3B1-7835-4C4D-90D1-42290F0341B1}"
EndProject
Project("{FAE04EC0-301F-11D3-BF4B-00C04F79EFBC}") = "Typer", "Typer\Typer.csproj", "{5D02E3B2-D1E4-414D-8314-574DE1C0226F}"
EndProject
Project("{FAE04EC0-301F-11D3-BF4B-00C04F79EFBC}") = "StructAndClassHeapStack", "StructAndClassHeapStack\StructAndClassHeapStack.csproj", "{281F02DE-E62B-49BC-BD88-F1016C6118CD}"
EndProject
Project("{FAE04EC0-301F-11D3-BF4B-00C04F79EFBC}") = "Opgave_Simple_Variabler2", "Opgave_Simple_Varialber2\Opgave_Simple_Variabler2.csproj", "{9759EEDE-57E4-40F3-B482-7E61BC59F979}"
EndProject
Project("{FAE04EC0-301F-11D3-BF4B-00C04F79EFBC}") = "Opgave_Relaterede_Konstanter_Og_Strukturer", "Opgave_Relaterede_Konstanter_Og_Strukturer\Opgave_Relaterede_Konstanter_Og_Strukturer.csproj", "{6EA68DC7-2285-4CD6-9C3F-43F7EFF52FC9}"
EndProject
Project("{FAE04EC0-301F-11D3-BF4B-00C04F79EFBC}") = "Klasser", "Klasser\Klasser.csproj", "{3A3CC8F8-5716-4C14-AFB3-7747ED7D780C}"
EndProject
Project("{FAE04EC0-301F-11D3-BF4B-00C04F79EFBC}") = "Nullable_Metoder", "Nullable_Metoder\Nullable_Metoder.csproj", "{E91230EA-5675-481B-BE14-D1242C518ADD}"
EndProject
Project("{FAE04EC0-301F-11D3-BF4B-00C04F79EFBC}") = "Opgaver_Samlinger", "Opgaver_Samlinger\Opgaver_Samlinger.csproj", "{7C4F1D01-365C-4F8A-B60C-94D6F266DC12}"
EndProject
Global
	GlobalSection(SolutionConfigurationPlatforms) = preSolution
		Debug|Any CPU = Debug|Any CPU
		Release|Any CPU = Release|Any CPU
	EndGlobalSection
	GlobalSection(ProjectConfigurationPlatforms) = postSolution
		{1B66B3B1-7835-4C4D-90D1-42290F0341B1}.Debug|Any CPU.ActiveCfg = Debug|Any CPU
		{1B66B3B1-7835-4C4D-90D1-42290F0341B1}.Debug|Any CPU.Build.0 = Debug|Any CPU
		{1B66B3B1-7835-4C4D-90D1-42290F0341B1}.Release|Any CPU.ActiveCfg = Release|Any CPU
		{1B66B3B1-7835-4C4D-90D1-42290F0341B1}.Release|Any CPU.Build.0 = Release|Any CPU
		{5D02E3B2-D1E4-414D-8314-574DE1C0226F}.Debug|Any CPU.ActiveCfg = Debug|Any CPU
		{5D02E3B2-D1E4-414D-8314-574DE1C0226F}.Debug|Any CPU.Build.0 = Debug|Any CPU
		{5D02E3B2-D1E4-414D-8314-574DE1C0226F}.Release|Any CPU.ActiveCfg = Release|Any CPU
		{5D02E3B2-D1E4-414D-8314-574DE1C0226F}.Release|Any CPU.Build.0 = Release|Any CPU
		{281F02DE-E62B-49BC-BD88-F1016C6118CD}.Debug|Any CPU.ActiveCfg = Debug|Any CPU
		{281F02DE-E62B-49BC-BD88-F1016C6118CD}.Debug|Any CPU.Build.0 = Debug|Any CPU
		{281F02DE-E62B-49BC-BD88-F1016C6118CD}.Release|Any CPU.ActiveCfg = Release|Any CPU
		{281F02DE-E62B-49BC-BD88-F1016C6118CD}.Release|Any CPU.Build.0 = Release|Any CPU
		{9759EEDE-57E4-40F3-B482-7E61BC59F979}.Debug|Any CPU.ActiveCfg = Debug|Any CPU
		{9759EEDE-57E4-40F3-B482-7E61BC59F979}.Debug|Any CPU.Build.0 = Debug|Any CPU
		{9759EEDE-57E4-40F3-B482-7E61BC59F979}.Release|Any CPU.ActiveCfg = Release|Any CPU
		{9759EEDE-57E4-40F3-B482-7E61BC59F979}.Release|Any CPU.Build.0 = Release|Any CPU
		{6EA68DC7-2285-4CD6-9C3F-43F7EFF52FC9}.Debug|Any CPU.ActiveCfg = Debug|Any CPU
		{6EA68DC7-2285-4CD6-9C3F-43F7EFF52FC9}.Debug|Any CPU.Build.0 = Debug|Any CPU
		{6EA68DC7-2285-4CD6-9C3F-43F7EFF52FC9}.Release|Any CPU.ActiveCfg = Release|Any CPU
		{6EA68DC7-2285-4CD6-9C3F-43F7EFF52FC9}.Release|Any CPU.Build.0 = Release|Any CPU
		{3A3CC8F8-5716-4C14-AFB3-7747ED7D780C}.Debug|Any CPU.ActiveCfg = Debug|Any CPU
		{3A3CC8F8-5716-4C14-AFB3-7747ED7D780C}.Debug|Any CPU.Build.0 = Debug|Any CPU
		{3A3CC8F8-5716-4C14-AFB3-7747ED7D780C}.Release|Any CPU.ActiveCfg = Release|Any CPU
		{3A3CC8F8-5716-4C14-AFB3-7747ED7D780C}.Release|Any CPU.Build.0 = Release|Any CPU
		{E91230EA-5675-481B-BE14-D1242C518ADD}.Debug|Any CPU.ActiveCfg = Debug|Any CPU
		{E91230EA-5675-481B-BE14-D1242C518ADD}.Debug|Any CPU.Build.0 = Debug|Any CPU
		{E91230EA-5675-481B-BE14-D1242C518ADD}.Release|Any CPU.ActiveCfg = Release|Any CPU
		{E91230EA-5675-481B-BE14-D1242C518ADD}.Release|Any CPU.Build.0 = Release|Any CPU
		{7C4F1D01-365C-4F8A-B60C-94D6F266DC12}.Debug|Any CPU.ActiveCfg = Debug|Any CPU
		{7C4F1D01-365C-4F8A-B60C-94D6F266DC12}.Debug|Any CPU.Build.0 = Debug|Any CPU
		{7C4F1D01-365C-4F8A-B60C-94D6F266DC12}.Release|Any CPU.ActiveCfg = Release|Any CPU
		{7C4F1D01-365C-4F8A-B60C-94D6F266DC12}.Release|Any CPU.Build.0 = Release|Any CPU
	EndGlobalSection
	GlobalSection(SolutionProperties) = preSolution
		HideSolutionNode = FALSE
	EndGlobalSection
	GlobalSection(ExtensibilityGlobals) = postSolution
		SolutionGuid = {644C3919-A345-4C7A-BE32-3AE7BCD2E4C0}
	EndGlobalSection
EndGlobal
