
Microsoft Visual Studio Solution File, Format Version 12.00
# Visual Studio Version 16
VisualStudioVersion = 16.0.29009.5
MinimumVisualStudioVersion = 10.0.40219.1
Project("{9A19103F-16F7-4668-BE54-9A1E7A4F7556}") = "KursusAdvanceCSharp", "KursusAdvanceCSharp\KursusAdvanceCSharp.csproj", "{1B66B3B1-7835-4C4D-90D1-42290F0341B1}"
EndProject
Project("{9A19103F-16F7-4668-BE54-9A1E7A4F7556}") = "Typer", "Typer\Typer.csproj", "{5D02E3B2-D1E4-414D-8314-574DE1C0226F}"
EndProject
Project("{9A19103F-16F7-4668-BE54-9A1E7A4F7556}") = "StructAndClassHeapStack", "StructAndClassHeapStack\StructAndClassHeapStack.csproj", "{281F02DE-E62B-49BC-BD88-F1016C6118CD}"
EndProject
Project("{9A19103F-16F7-4668-BE54-9A1E7A4F7556}") = "Opgave_Simple_Variabler2", "Opgave_Simple_Varialber2\Opgave_Simple_Variabler2.csproj", "{9759EEDE-57E4-40F3-B482-7E61BC59F979}"
EndProject
Project("{9A19103F-16F7-4668-BE54-9A1E7A4F7556}") = "Opgave_Relaterede_Konstanter_Og_Strukturer", "Opgave_Relaterede_Konstanter_Og_Strukturer\Opgave_Relaterede_Konstanter_Og_Strukturer.csproj", "{6EA68DC7-2285-4CD6-9C3F-43F7EFF52FC9}"
EndProject
Project("{9A19103F-16F7-4668-BE54-9A1E7A4F7556}") = "Klasser", "Klasser\Klasser.csproj", "{3A3CC8F8-5716-4C14-AFB3-7747ED7D780C}"
EndProject
Project("{9A19103F-16F7-4668-BE54-9A1E7A4F7556}") = "Nullable_Metoder", "Nullable_Metoder\Nullable_Metoder.csproj", "{E91230EA-5675-481B-BE14-D1242C518ADD}"
EndProject
Project("{9A19103F-16F7-4668-BE54-9A1E7A4F7556}") = "Opgaver_Samlinger", "Opgaver_Samlinger\Opgaver_Samlinger.csproj", "{7C4F1D01-365C-4F8A-B60C-94D6F266DC12}"
EndProject
Project("{9A19103F-16F7-4668-BE54-9A1E7A4F7556}") = "Opgaver_Interface_110_1", "Interface\Opgaver_Interface_110_1.csproj", "{A6F3F59D-A820-4A42-97A5-65BABFA97385}"
EndProject
Project("{9A19103F-16F7-4668-BE54-9A1E7A4F7556}") = "Opgaver_interface_110_2", "Opgaver_interface_110_2\Opgaver_interface_110_2.csproj", "{B700E171-6920-4531-8348-9E9746BFAC8A}"
EndProject
Project("{9A19103F-16F7-4668-BE54-9A1E7A4F7556}") = "Opgaver_Interface_110_3_Dependency_Injection", "Opgaver_Interface_110_3_Dependency_Injection\Opgaver_Interface_110_3_Dependency_Injection.csproj", "{DCFA8545-C508-4734-886D-616EFB06F106}"
EndProject
Project("{9A19103F-16F7-4668-BE54-9A1E7A4F7556}") = "Opgaver_AdvanceType_400_3", "Opgaver_AdvanceType_400_3\Opgaver_AdvanceType_400_3.csproj", "{B6D601BA-28E7-4C70-B84D-B5CB35A274D1}"
EndProject
Project("{9A19103F-16F7-4668-BE54-9A1E7A4F7556}") = "Opgaver_AdvanceTyper_LinkedList_400_2", "Opgaver_AdvanceTyper_LinkedList_400_2\Opgaver_AdvanceTyper_LinkedList_400_2.csproj", "{D010B581-7EC4-4F3F-B38D-DBE157E7DDE0}"
EndProject
Project("{9A19103F-16F7-4668-BE54-9A1E7A4F7556}") = "Opgaver_Samlinger_fibonacci", "Opgaver_Samlinger_fibonacci\Opgaver_Samlinger_fibonacci.csproj", "{9959857F-6034-4B36-A367-A701AE7168A2}"
EndProject
Project("{9A19103F-16F7-4668-BE54-9A1E7A4F7556}") = "Opgaver_Tuples_400_1", "Opgaver_Tuples_400_1\Opgaver_Tuples_400_1.csproj", "{CE705474-25BD-4A21-A6CD-DFED924F3073}"
EndProject
Project("{9A19103F-16F7-4668-BE54-9A1E7A4F7556}") = "Opgaver_GeneriskTyperOgMedlemmer_170_2", "Opgaver_GeneriskTyperOgMedlemmer_170_2\Opgaver_GeneriskTyperOgMedlemmer_170_2.csproj", "{11F4835F-9336-481A-B03B-EAC1987973AE}"
EndProject
Project("{9A19103F-16F7-4668-BE54-9A1E7A4F7556}") = "Opgaver_OverLoadOperator_LavDinEgenDataType", "Opgaver_OverLoadOperator_LavDinEgenDataType\Opgaver_OverLoadOperator_LavDinEgenDataType.csproj", "{0731D19D-2876-4E45-B8AD-A3AEA83C4A16}"
EndProject
Project("{9A19103F-16F7-4668-BE54-9A1E7A4F7556}") = "Opgaver_Generisk_klasse", "Opgaver_Generisk_klasse\Opgaver_Generisk_klasse.csproj", "{ADF30CE6-44B1-491A-BE63-7C100E19FADA}"
EndProject
Project("{9A19103F-16F7-4668-BE54-9A1E7A4F7556}") = "Opgaver_GeneriskTerning", "Opgaver_GeneriskTerning\Opgaver_GeneriskTerning.csproj", "{56344DF0-A9AE-4965-AA54-52B516C653E2}"
EndProject
Project("{9A19103F-16F7-4668-BE54-9A1E7A4F7556}") = "Opgaver_Delegates", "Opgaver_Delegates\Opgaver_Delegates.csproj", "{09374CE8-3C7D-4104-808C-01370B206411}"
EndProject
Project("{9A19103F-16F7-4668-BE54-9A1E7A4F7556}") = "Opgaver_Delegates_Simple_RegneMaskine", "Opgaver_Delegates_Simple_RegneMaskine\Opgaver_Delegates_Simple_RegneMaskine.csproj", "{F72D611E-E91A-435B-8DF2-B6FEB474599E}"
EndProject
Project("{9A19103F-16F7-4668-BE54-9A1E7A4F7556}") = "Opgaver_Delegates_Log", "Opgaver_Delegates_Log\Opgaver_Delegates_Log.csproj", "{2E1E5013-F49F-4390-8607-3BEF0362DBA3}"
EndProject
Project("{9A19103F-16F7-4668-BE54-9A1E7A4F7556}") = "Opgaver_Delegates_Simple_RegneMaskine_Func", "Opgaver_Delegates_Simple_RegneMaskine_Func\Opgaver_Delegates_Simple_RegneMaskine_Func.csproj", "{6D1046E4-0081-42B5-8A90-94DE909ED80D}"
EndProject
Project("{9A19103F-16F7-4668-BE54-9A1E7A4F7556}") = "Opgaver_Delegates_Lampda", "Opgaver_Delegates_Lampda\Opgaver_Delegates_Lampda.csproj", "{275E5234-0CC5-4C1B-8253-B54904D01A20}"
EndProject
Project("{9A19103F-16F7-4668-BE54-9A1E7A4F7556}") = "Opgaver_Events", "Opgaver_Events\Opgaver_Events.csproj", "{79C1244C-560B-4A60-B10E-079058351A6A}"
EndProject
Project("{9A19103F-16F7-4668-BE54-9A1E7A4F7556}") = "Opgaver_Events_KreditMax", "Opgaver_Events_KreditMax\Opgaver_Events_KreditMax.csproj", "{6F2611DF-2832-4F32-BC5E-DFEA5C682BD7}"
EndProject
Project("{9A19103F-16F7-4668-BE54-9A1E7A4F7556}") = "Opgaver_Events_eventtargets_EgenDesign", "Opgaver_Events_eventtargets_kreditMax\Opgaver_Events_eventtargets_EgenDesign.csproj", "{3CF25955-C4AE-4064-8677-9B314114DD82}"
EndProject
Project("{FAE04EC0-301F-11D3-BF4B-00C04F79EFBC}") = "Opgaver_GarbageCollecting_Using", "Opgaver_GarbageCollecting_Using\Opgaver_GarbageCollecting_Using.csproj", "{F4D8C679-42D6-4738-BD0F-56203E2D8ACE}"
EndProject
Project("{FAE04EC0-301F-11D3-BF4B-00C04F79EFBC}") = "Memory_Leaks", "Memory_Leaks\Memory_Leaks.csproj", "{B45B601D-DDA7-49AB-A4D1-91D970DB564D}"
EndProject
Project("{FAE04EC0-301F-11D3-BF4B-00C04F79EFBC}") = "Memory_Leaks_Fjernet", "Memory_Leaks_Fjernet\Memory_Leaks_Fjernet.csproj", "{1F85447E-3568-4C99-9D70-6AEC655E1D95}"
EndProject
Project("{FAE04EC0-301F-11D3-BF4B-00C04F79EFBC}") = "Opgaver_Leg_Med_LINQ", "Opgaver_Leg_Med_LINQ\Opgaver_Leg_Med_LINQ.csproj", "{82ECEF9B-CAEE-47AA-B60F-4A24FD1A5513}"
EndProject
Project("{FAE04EC0-301F-11D3-BF4B-00C04F79EFBC}") = "Opgaver_LINQ_Med_Custom_Extensions", "Opgaver_LINQ_Med_Custom_Extensions\Opgaver_LINQ_Med_Custom_Extensions.csproj", "{E7E88F5F-72C2-4EA6-9631-81726D0E04C7}"
EndProject
Project("{FAE04EC0-301F-11D3-BF4B-00C04F79EFBC}") = "Opgaver_DataBaser_Entity_Framework", "Opgaver_DataBaser_Entity_Framework\Opgaver_DataBaser_Entity_Framework.csproj", "{842F6006-AB14-4E3D-B00B-0B27E7FC7BD0}"
EndProject
Global
	GlobalSection(SolutionConfigurationPlatforms) = preSolution
		Debug|Any CPU = Debug|Any CPU
		Release|Any CPU = Release|Any CPU
	EndGlobalSection
	GlobalSection(ProjectConfigurationPlatforms) = postSolution
		{1B66B3B1-7835-4C4D-90D1-42290F0341B1}.Debug|Any CPU.ActiveCfg = Debug|Any CPU
		{1B66B3B1-7835-4C4D-90D1-42290F0341B1}.Debug|Any CPU.Build.0 = Debug|Any CPU
		{1B66B3B1-7835-4C4D-90D1-42290F0341B1}.Release|Any CPU.ActiveCfg = Release|Any CPU
		{1B66B3B1-7835-4C4D-90D1-42290F0341B1}.Release|Any CPU.Build.0 = Release|Any CPU
		{5D02E3B2-D1E4-414D-8314-574DE1C0226F}.Debug|Any CPU.ActiveCfg = Debug|Any CPU
		{5D02E3B2-D1E4-414D-8314-574DE1C0226F}.Debug|Any CPU.Build.0 = Debug|Any CPU
		{5D02E3B2-D1E4-414D-8314-574DE1C0226F}.Release|Any CPU.ActiveCfg = Release|Any CPU
		{5D02E3B2-D1E4-414D-8314-574DE1C0226F}.Release|Any CPU.Build.0 = Release|Any CPU
		{281F02DE-E62B-49BC-BD88-F1016C6118CD}.Debug|Any CPU.ActiveCfg = Debug|Any CPU
		{281F02DE-E62B-49BC-BD88-F1016C6118CD}.Debug|Any CPU.Build.0 = Debug|Any CPU
		{281F02DE-E62B-49BC-BD88-F1016C6118CD}.Release|Any CPU.ActiveCfg = Release|Any CPU
		{281F02DE-E62B-49BC-BD88-F1016C6118CD}.Release|Any CPU.Build.0 = Release|Any CPU
		{9759EEDE-57E4-40F3-B482-7E61BC59F979}.Debug|Any CPU.ActiveCfg = Debug|Any CPU
		{9759EEDE-57E4-40F3-B482-7E61BC59F979}.Debug|Any CPU.Build.0 = Debug|Any CPU
		{9759EEDE-57E4-40F3-B482-7E61BC59F979}.Release|Any CPU.ActiveCfg = Release|Any CPU
		{9759EEDE-57E4-40F3-B482-7E61BC59F979}.Release|Any CPU.Build.0 = Release|Any CPU
		{6EA68DC7-2285-4CD6-9C3F-43F7EFF52FC9}.Debug|Any CPU.ActiveCfg = Debug|Any CPU
		{6EA68DC7-2285-4CD6-9C3F-43F7EFF52FC9}.Debug|Any CPU.Build.0 = Debug|Any CPU
		{6EA68DC7-2285-4CD6-9C3F-43F7EFF52FC9}.Release|Any CPU.ActiveCfg = Release|Any CPU
		{6EA68DC7-2285-4CD6-9C3F-43F7EFF52FC9}.Release|Any CPU.Build.0 = Release|Any CPU
		{3A3CC8F8-5716-4C14-AFB3-7747ED7D780C}.Debug|Any CPU.ActiveCfg = Debug|Any CPU
		{3A3CC8F8-5716-4C14-AFB3-7747ED7D780C}.Debug|Any CPU.Build.0 = Debug|Any CPU
		{3A3CC8F8-5716-4C14-AFB3-7747ED7D780C}.Release|Any CPU.ActiveCfg = Release|Any CPU
		{3A3CC8F8-5716-4C14-AFB3-7747ED7D780C}.Release|Any CPU.Build.0 = Release|Any CPU
		{E91230EA-5675-481B-BE14-D1242C518ADD}.Debug|Any CPU.ActiveCfg = Debug|Any CPU
		{E91230EA-5675-481B-BE14-D1242C518ADD}.Debug|Any CPU.Build.0 = Debug|Any CPU
		{E91230EA-5675-481B-BE14-D1242C518ADD}.Release|Any CPU.ActiveCfg = Release|Any CPU
		{E91230EA-5675-481B-BE14-D1242C518ADD}.Release|Any CPU.Build.0 = Release|Any CPU
		{7C4F1D01-365C-4F8A-B60C-94D6F266DC12}.Debug|Any CPU.ActiveCfg = Debug|Any CPU
		{7C4F1D01-365C-4F8A-B60C-94D6F266DC12}.Debug|Any CPU.Build.0 = Debug|Any CPU
		{7C4F1D01-365C-4F8A-B60C-94D6F266DC12}.Release|Any CPU.ActiveCfg = Release|Any CPU
		{7C4F1D01-365C-4F8A-B60C-94D6F266DC12}.Release|Any CPU.Build.0 = Release|Any CPU
		{A6F3F59D-A820-4A42-97A5-65BABFA97385}.Debug|Any CPU.ActiveCfg = Debug|Any CPU
		{A6F3F59D-A820-4A42-97A5-65BABFA97385}.Debug|Any CPU.Build.0 = Debug|Any CPU
		{A6F3F59D-A820-4A42-97A5-65BABFA97385}.Release|Any CPU.ActiveCfg = Release|Any CPU
		{A6F3F59D-A820-4A42-97A5-65BABFA97385}.Release|Any CPU.Build.0 = Release|Any CPU
		{B700E171-6920-4531-8348-9E9746BFAC8A}.Debug|Any CPU.ActiveCfg = Debug|Any CPU
		{B700E171-6920-4531-8348-9E9746BFAC8A}.Debug|Any CPU.Build.0 = Debug|Any CPU
		{B700E171-6920-4531-8348-9E9746BFAC8A}.Release|Any CPU.ActiveCfg = Release|Any CPU
		{B700E171-6920-4531-8348-9E9746BFAC8A}.Release|Any CPU.Build.0 = Release|Any CPU
		{DCFA8545-C508-4734-886D-616EFB06F106}.Debug|Any CPU.ActiveCfg = Debug|Any CPU
		{DCFA8545-C508-4734-886D-616EFB06F106}.Debug|Any CPU.Build.0 = Debug|Any CPU
		{DCFA8545-C508-4734-886D-616EFB06F106}.Release|Any CPU.ActiveCfg = Release|Any CPU
		{DCFA8545-C508-4734-886D-616EFB06F106}.Release|Any CPU.Build.0 = Release|Any CPU
		{B6D601BA-28E7-4C70-B84D-B5CB35A274D1}.Debug|Any CPU.ActiveCfg = Debug|Any CPU
		{B6D601BA-28E7-4C70-B84D-B5CB35A274D1}.Debug|Any CPU.Build.0 = Debug|Any CPU
		{B6D601BA-28E7-4C70-B84D-B5CB35A274D1}.Release|Any CPU.ActiveCfg = Release|Any CPU
		{B6D601BA-28E7-4C70-B84D-B5CB35A274D1}.Release|Any CPU.Build.0 = Release|Any CPU
		{D010B581-7EC4-4F3F-B38D-DBE157E7DDE0}.Debug|Any CPU.ActiveCfg = Debug|Any CPU
		{D010B581-7EC4-4F3F-B38D-DBE157E7DDE0}.Debug|Any CPU.Build.0 = Debug|Any CPU
		{D010B581-7EC4-4F3F-B38D-DBE157E7DDE0}.Release|Any CPU.ActiveCfg = Release|Any CPU
		{D010B581-7EC4-4F3F-B38D-DBE157E7DDE0}.Release|Any CPU.Build.0 = Release|Any CPU
		{9959857F-6034-4B36-A367-A701AE7168A2}.Debug|Any CPU.ActiveCfg = Debug|Any CPU
		{9959857F-6034-4B36-A367-A701AE7168A2}.Debug|Any CPU.Build.0 = Debug|Any CPU
		{9959857F-6034-4B36-A367-A701AE7168A2}.Release|Any CPU.ActiveCfg = Release|Any CPU
		{9959857F-6034-4B36-A367-A701AE7168A2}.Release|Any CPU.Build.0 = Release|Any CPU
		{CE705474-25BD-4A21-A6CD-DFED924F3073}.Debug|Any CPU.ActiveCfg = Debug|Any CPU
		{CE705474-25BD-4A21-A6CD-DFED924F3073}.Debug|Any CPU.Build.0 = Debug|Any CPU
		{CE705474-25BD-4A21-A6CD-DFED924F3073}.Release|Any CPU.ActiveCfg = Release|Any CPU
		{CE705474-25BD-4A21-A6CD-DFED924F3073}.Release|Any CPU.Build.0 = Release|Any CPU
		{11F4835F-9336-481A-B03B-EAC1987973AE}.Debug|Any CPU.ActiveCfg = Debug|Any CPU
		{11F4835F-9336-481A-B03B-EAC1987973AE}.Debug|Any CPU.Build.0 = Debug|Any CPU
		{11F4835F-9336-481A-B03B-EAC1987973AE}.Release|Any CPU.ActiveCfg = Release|Any CPU
		{11F4835F-9336-481A-B03B-EAC1987973AE}.Release|Any CPU.Build.0 = Release|Any CPU
		{0731D19D-2876-4E45-B8AD-A3AEA83C4A16}.Debug|Any CPU.ActiveCfg = Debug|Any CPU
		{0731D19D-2876-4E45-B8AD-A3AEA83C4A16}.Debug|Any CPU.Build.0 = Debug|Any CPU
		{0731D19D-2876-4E45-B8AD-A3AEA83C4A16}.Release|Any CPU.ActiveCfg = Release|Any CPU
		{0731D19D-2876-4E45-B8AD-A3AEA83C4A16}.Release|Any CPU.Build.0 = Release|Any CPU
		{ADF30CE6-44B1-491A-BE63-7C100E19FADA}.Debug|Any CPU.ActiveCfg = Debug|Any CPU
		{ADF30CE6-44B1-491A-BE63-7C100E19FADA}.Debug|Any CPU.Build.0 = Debug|Any CPU
		{ADF30CE6-44B1-491A-BE63-7C100E19FADA}.Release|Any CPU.ActiveCfg = Release|Any CPU
		{ADF30CE6-44B1-491A-BE63-7C100E19FADA}.Release|Any CPU.Build.0 = Release|Any CPU
		{56344DF0-A9AE-4965-AA54-52B516C653E2}.Debug|Any CPU.ActiveCfg = Debug|Any CPU
		{56344DF0-A9AE-4965-AA54-52B516C653E2}.Debug|Any CPU.Build.0 = Debug|Any CPU
		{56344DF0-A9AE-4965-AA54-52B516C653E2}.Release|Any CPU.ActiveCfg = Release|Any CPU
		{56344DF0-A9AE-4965-AA54-52B516C653E2}.Release|Any CPU.Build.0 = Release|Any CPU
		{09374CE8-3C7D-4104-808C-01370B206411}.Debug|Any CPU.ActiveCfg = Debug|Any CPU
		{09374CE8-3C7D-4104-808C-01370B206411}.Debug|Any CPU.Build.0 = Debug|Any CPU
		{09374CE8-3C7D-4104-808C-01370B206411}.Release|Any CPU.ActiveCfg = Release|Any CPU
		{09374CE8-3C7D-4104-808C-01370B206411}.Release|Any CPU.Build.0 = Release|Any CPU
		{F72D611E-E91A-435B-8DF2-B6FEB474599E}.Debug|Any CPU.ActiveCfg = Debug|Any CPU
		{F72D611E-E91A-435B-8DF2-B6FEB474599E}.Debug|Any CPU.Build.0 = Debug|Any CPU
		{F72D611E-E91A-435B-8DF2-B6FEB474599E}.Release|Any CPU.ActiveCfg = Release|Any CPU
		{F72D611E-E91A-435B-8DF2-B6FEB474599E}.Release|Any CPU.Build.0 = Release|Any CPU
		{2E1E5013-F49F-4390-8607-3BEF0362DBA3}.Debug|Any CPU.ActiveCfg = Debug|Any CPU
		{2E1E5013-F49F-4390-8607-3BEF0362DBA3}.Debug|Any CPU.Build.0 = Debug|Any CPU
		{2E1E5013-F49F-4390-8607-3BEF0362DBA3}.Release|Any CPU.ActiveCfg = Release|Any CPU
		{2E1E5013-F49F-4390-8607-3BEF0362DBA3}.Release|Any CPU.Build.0 = Release|Any CPU
		{6D1046E4-0081-42B5-8A90-94DE909ED80D}.Debug|Any CPU.ActiveCfg = Debug|Any CPU
		{6D1046E4-0081-42B5-8A90-94DE909ED80D}.Debug|Any CPU.Build.0 = Debug|Any CPU
		{6D1046E4-0081-42B5-8A90-94DE909ED80D}.Release|Any CPU.ActiveCfg = Release|Any CPU
		{6D1046E4-0081-42B5-8A90-94DE909ED80D}.Release|Any CPU.Build.0 = Release|Any CPU
		{275E5234-0CC5-4C1B-8253-B54904D01A20}.Debug|Any CPU.ActiveCfg = Debug|Any CPU
		{275E5234-0CC5-4C1B-8253-B54904D01A20}.Debug|Any CPU.Build.0 = Debug|Any CPU
		{275E5234-0CC5-4C1B-8253-B54904D01A20}.Release|Any CPU.ActiveCfg = Release|Any CPU
		{275E5234-0CC5-4C1B-8253-B54904D01A20}.Release|Any CPU.Build.0 = Release|Any CPU
		{79C1244C-560B-4A60-B10E-079058351A6A}.Debug|Any CPU.ActiveCfg = Debug|Any CPU
		{79C1244C-560B-4A60-B10E-079058351A6A}.Debug|Any CPU.Build.0 = Debug|Any CPU
		{79C1244C-560B-4A60-B10E-079058351A6A}.Release|Any CPU.ActiveCfg = Release|Any CPU
		{79C1244C-560B-4A60-B10E-079058351A6A}.Release|Any CPU.Build.0 = Release|Any CPU
		{6F2611DF-2832-4F32-BC5E-DFEA5C682BD7}.Debug|Any CPU.ActiveCfg = Debug|Any CPU
		{6F2611DF-2832-4F32-BC5E-DFEA5C682BD7}.Debug|Any CPU.Build.0 = Debug|Any CPU
		{6F2611DF-2832-4F32-BC5E-DFEA5C682BD7}.Release|Any CPU.ActiveCfg = Release|Any CPU
		{6F2611DF-2832-4F32-BC5E-DFEA5C682BD7}.Release|Any CPU.Build.0 = Release|Any CPU
		{3CF25955-C4AE-4064-8677-9B314114DD82}.Debug|Any CPU.ActiveCfg = Debug|Any CPU
		{3CF25955-C4AE-4064-8677-9B314114DD82}.Debug|Any CPU.Build.0 = Debug|Any CPU
		{3CF25955-C4AE-4064-8677-9B314114DD82}.Release|Any CPU.ActiveCfg = Release|Any CPU
		{3CF25955-C4AE-4064-8677-9B314114DD82}.Release|Any CPU.Build.0 = Release|Any CPU
		{F4D8C679-42D6-4738-BD0F-56203E2D8ACE}.Debug|Any CPU.ActiveCfg = Debug|Any CPU
		{F4D8C679-42D6-4738-BD0F-56203E2D8ACE}.Debug|Any CPU.Build.0 = Debug|Any CPU
		{F4D8C679-42D6-4738-BD0F-56203E2D8ACE}.Release|Any CPU.ActiveCfg = Release|Any CPU
		{F4D8C679-42D6-4738-BD0F-56203E2D8ACE}.Release|Any CPU.Build.0 = Release|Any CPU
		{B45B601D-DDA7-49AB-A4D1-91D970DB564D}.Debug|Any CPU.ActiveCfg = Debug|Any CPU
		{B45B601D-DDA7-49AB-A4D1-91D970DB564D}.Debug|Any CPU.Build.0 = Debug|Any CPU
		{B45B601D-DDA7-49AB-A4D1-91D970DB564D}.Release|Any CPU.ActiveCfg = Release|Any CPU
		{B45B601D-DDA7-49AB-A4D1-91D970DB564D}.Release|Any CPU.Build.0 = Release|Any CPU
		{1F85447E-3568-4C99-9D70-6AEC655E1D95}.Debug|Any CPU.ActiveCfg = Debug|Any CPU
		{1F85447E-3568-4C99-9D70-6AEC655E1D95}.Debug|Any CPU.Build.0 = Debug|Any CPU
		{1F85447E-3568-4C99-9D70-6AEC655E1D95}.Release|Any CPU.ActiveCfg = Release|Any CPU
		{1F85447E-3568-4C99-9D70-6AEC655E1D95}.Release|Any CPU.Build.0 = Release|Any CPU
		{82ECEF9B-CAEE-47AA-B60F-4A24FD1A5513}.Debug|Any CPU.ActiveCfg = Debug|Any CPU
		{82ECEF9B-CAEE-47AA-B60F-4A24FD1A5513}.Debug|Any CPU.Build.0 = Debug|Any CPU
		{82ECEF9B-CAEE-47AA-B60F-4A24FD1A5513}.Release|Any CPU.ActiveCfg = Release|Any CPU
		{82ECEF9B-CAEE-47AA-B60F-4A24FD1A5513}.Release|Any CPU.Build.0 = Release|Any CPU
		{E7E88F5F-72C2-4EA6-9631-81726D0E04C7}.Debug|Any CPU.ActiveCfg = Debug|Any CPU
		{E7E88F5F-72C2-4EA6-9631-81726D0E04C7}.Debug|Any CPU.Build.0 = Debug|Any CPU
		{E7E88F5F-72C2-4EA6-9631-81726D0E04C7}.Release|Any CPU.ActiveCfg = Release|Any CPU
		{E7E88F5F-72C2-4EA6-9631-81726D0E04C7}.Release|Any CPU.Build.0 = Release|Any CPU
		{842F6006-AB14-4E3D-B00B-0B27E7FC7BD0}.Debug|Any CPU.ActiveCfg = Debug|Any CPU
		{842F6006-AB14-4E3D-B00B-0B27E7FC7BD0}.Debug|Any CPU.Build.0 = Debug|Any CPU
		{842F6006-AB14-4E3D-B00B-0B27E7FC7BD0}.Release|Any CPU.ActiveCfg = Release|Any CPU
		{842F6006-AB14-4E3D-B00B-0B27E7FC7BD0}.Release|Any CPU.Build.0 = Release|Any CPU
	EndGlobalSection
	GlobalSection(SolutionProperties) = preSolution
		HideSolutionNode = FALSE
	EndGlobalSection
	GlobalSection(ExtensibilityGlobals) = postSolution
		SolutionGuid = {644C3919-A345-4C7A-BE32-3AE7BCD2E4C0}
	EndGlobalSection
EndGlobal
